
Microsoft Visual Studio Solution File, Format Version 12.00
# Visual Studio Version 17
VisualStudioVersion = 17.7.34024.191
MinimumVisualStudioVersion = 10.0.40219.1
Project("{FAE04EC0-301F-11D3-BF4B-00C04F79EFBC}") = "Labb6Zoo", "Labb6Zoo.csproj", "{75205DDA-5680-48A0-8196-6C2D141D5DB9}"
EndProject
Global
	GlobalSection(SolutionConfigurationPlatforms) = preSolution
		Debug|Any CPU = Debug|Any CPU
		Release|Any CPU = Release|Any CPU
	EndGlobalSection
	GlobalSection(ProjectConfigurationPlatforms) = postSolution
		{75205DDA-5680-48A0-8196-6C2D141D5DB9}.Debug|Any CPU.ActiveCfg = Debug|Any CPU
		{75205DDA-5680-48A0-8196-6C2D141D5DB9}.Debug|Any CPU.Build.0 = Debug|Any CPU
		{75205DDA-5680-48A0-8196-6C2D141D5DB9}.Release|Any CPU.ActiveCfg = Release|Any CPU
		{75205DDA-5680-48A0-8196-6C2D141D5DB9}.Release|Any CPU.Build.0 = Release|Any CPU
	EndGlobalSection
	GlobalSection(SolutionProperties) = preSolution
		HideSolutionNode = FALSE
	EndGlobalSection
	GlobalSection(ExtensibilityGlobals) = postSolution
		SolutionGuid = {8B317656-038D-438A-BEBD-D3DBD6CD457E}
	EndGlobalSection
EndGlobal
